#MicroXplorer Configuration settings - do not modify
Mcu.Family=STM32G4
ProjectManager.MainLocation=Core/Src
RCC.USART1Freq_Value=170000000
VP_SYS_VS_tim6.Mode=TIM6
RCC.SAI1Freq_Value=170000000
RCC.CortexFreq_Value=170000000
ProjectManager.KeepUserCode=true
Mcu.UserName=STM32G431RBTx
SPI2.VirtualType=VM_MASTER
NVIC.TIM6_DAC_IRQn=true\:0\:0\:false\:false\:true\:false\:false\:true
PC5.Locked=true
Dma.LPUART1_TX.0.Mode=DMA_NORMAL
ProjectManager.functionlistsort=1-MX_GPIO_Init-GPIO-false-HAL-true,2-MX_DMA_Init-DMA-false-HAL-true,3-SystemClock_Config-RCC-false-HAL-false,4-MX_LPUART1_UART_Init-LPUART1-false-HAL-true,5-MX_ADC1_Init-ADC1-false-HAL-true,6-MX_SPI2_Init-SPI2-false-HAL-true,7-MX_I2C3_Init-I2C3-false-HAL-true
PC6.GPIO_Label=CS_DAC
PC9.Locked=true
PA6.GPIO_Label=BT_DEC
PB0.GPIO_Label=LED_500
RCC.USART2Freq_Value=170000000
PB11.Signal=ADC1_IN14
PB15.Signal=SPI2_MOSI
PB13.Signal=SPI2_SCK
Dma.LPUART1_TX.0.SyncPolarity=HAL_DMAMUX_SYNC_NO_EVENT
PinOutPanel.RotationAngle=0
RCC.MCO1PinFreq_Value=16000000
RCC.SYSCLKSource=RCC_SYSCLKSOURCE_PLLCLK
ProjectManager.StackSize=0x400
VP_FREERTOS_VS_CMSIS_V2.Mode=CMSIS_V2
Dma.LPUART1_TX.0.PeriphDataAlignment=DMA_PDATAALIGN_BYTE
RCC.I2C3Freq_Value=170000000
RCC.LPTIM1Freq_Value=170000000
Mcu.IP4=LPUART1
Mcu.IP5=NVIC
RCC.FCLKCortexFreq_Value=170000000
Mcu.IP2=FREERTOS
NVIC.SVCall_IRQn=true\:0\:0\:false\:false\:false\:false\:false\:false
Mcu.IP3=I2C3
Mcu.IP0=ADC1
Mcu.IP1=DMA
Mcu.UserConstants=
Dma.LPUART1_TX.0.Direction=DMA_MEMORY_TO_PERIPH
Mcu.ThirdPartyNb=0
NVIC.LPUART1_IRQn=true\:5\:0\:false\:false\:true\:true\:true\:true
RCC.HCLKFreq_Value=170000000
Mcu.IPNb=9
ProjectManager.PreviousToolchain=
RCC.APB2TimFreq_Value=170000000
Mcu.Pin6=PA6
Mcu.Pin7=PA7
Mcu.Pin8=PC4
Mcu.Pin9=PC5
FREERTOS.IPParameters=Tasks01,configMAX_TASK_NAME_LEN,FootprintOK,configTOTAL_HEAP_SIZE,configRECORD_STACK_HIGH_ADDRESS,configUSE_TICK_HOOK
RCC.AHBFreq_Value=170000000
SPI2.BaudRatePrescaler=SPI_BAUDRATEPRESCALER_64
PB13.Locked=true
Mcu.Pin0=PC14-OSC32_IN
Mcu.Pin1=PC15-OSC32_OUT
GPIO.groupedBy=Group By Peripherals
Mcu.Pin2=PA2
Mcu.Pin3=PA3
RCC.USART3Freq_Value=170000000
Mcu.Pin4=PA4
Mcu.Pin5=PA5
ADC1.Channel-0\#ChannelRegularConversion=ADC_CHANNEL_14
I2C3.IPParameters=Timing
ProjectManager.ProjectBuild=false
RCC.HSE_VALUE=8000000
NVIC.UsageFault_IRQn=true\:0\:0\:false\:false\:true\:false\:false\:false
Dma.LPUART1_TX.0.Polarity=HAL_DMAMUX_REQ_GEN_RISING
NVIC.DebugMonitor_IRQn=true\:0\:0\:false\:false\:true\:false\:false\:false
PB2.Signal=GPIO_Output
PB3.Mode=Trace_Asynchronous_SW
PA4.Locked=true
Dma.LPUART1_TX.0.MemInc=DMA_MINC_ENABLE
NVIC.SysTick_IRQn=true\:15\:0\:false\:false\:false\:true\:false\:true
RCC.ADC12Freq_Value=170000000
ProjectManager.FirmwarePackage=STM32Cube FW_G4 V1.4.0
MxDb.Version=DB.6.0.21
PB0.GPIOParameters=GPIO_Label
ProjectManager.BackupPrevious=false
PC14-OSC32_IN.Mode=LSE-External-Oscillator
RCC.VCOInputFreq_Value=4000000
PC4.GPIO_Label=LED_RUN
PA14.Mode=Trace_Asynchronous_SW
PB14.Mode=Full_Duplex_Master
PB1.GPIO_Label=LED_1000
File.Version=6
PC9.Mode=I2C
SPI2.CalculateBaudRate=2.65625 MBits/s
VP_SYS_VS_DBSignals.Mode=DisableDeadBatterySignals
Dma.LPUART1_TX.0.Priority=DMA_PRIORITY_LOW
RCC.PLLRCLKFreq_Value=170000000
NVIC.PendSV_IRQn=true\:15\:0\:false\:false\:false\:true\:false\:false
Dma.LPUART1_TX.0.SyncEnable=DISABLE
Dma.RequestsNb=1
ProjectManager.HalAssertFull=false
PB0.Locked=true
ADC1.SamplingTime-0\#ChannelRegularConversion=ADC_SAMPLETIME_2CYCLES_5
FREERTOS.configTOTAL_HEAP_SIZE=16384
RCC.CRSFreq_Value=48000000
ProjectManager.ProjectName=DC_Electronic_Load_USB
Dma.LPUART1_TX.0.PeriphInc=DMA_PINC_DISABLE
Mcu.Package=LQFP64
PB1.Signal=GPIO_Output
PA6.Signal=GPXTI6
PA7.Locked=true
PA5.Locked=true
NVIC.TimeBase=TIM6_DAC_IRQn
SPI2.Mode=SPI_MODE_MASTER
ProjectManager.ToolChainLocation=
RCC.LSI_VALUE=32000
NVIC.TimeBaseIP=TIM6
SH.GPXTI5.ConfNb=1
RCC.LSCOPinFreq_Value=32000
FREERTOS.FootprintOK=true
PA5.GPIOParameters=GPIO_Label,GPIO_ModeDefaultEXTI
I2C3.Timing=0x30A0A7FB
RCC.PLLPoutputFreq_Value=170000000
RCC.APB1TimFreq_Value=170000000
FREERTOS.configUSE_TICK_HOOK=0
NVIC.BusFault_IRQn=true\:0\:0\:false\:false\:true\:false\:false\:false
PC4.Locked=true
RCC.LPUART1Freq_Value=170000000
SPI2.Direction=SPI_DIRECTION_2LINES
PC5.Signal=GPIO_Output
PB13.Mode=Full_Duplex_Master
FREERTOS.configMAX_TASK_NAME_LEN=32
Dma.Request0=LPUART1_TX
PA4.GPIO_Label=BT_A
ProjectManager.CustomerFirmwarePackage=
PC4.GPIOParameters=GPIO_Label
Dma.LPUART1_TX.0.SignalID=NONE
RCC.HSI48_VALUE=48000000
PB15.Locked=true
PA3.Signal=LPUART1_RX
PA2.Locked=true
PA6.GPIOParameters=GPIO_Label,GPIO_ModeDefaultEXTI
Dma.LPUART1_TX.0.Instance=DMA1_Channel1
PC15-OSC32_OUT.Mode=LSE-External-Oscillator
RCC.I2SFreq_Value=170000000
NVIC.EXTI4_IRQn=true\:5\:0\:false\:false\:true\:true\:true\:true
SH.GPXTI5.0=GPIO_EXTI5
RCC.PLLQoutputFreq_Value=170000000
ProjectManager.ProjectFileName=DC_Electronic_Load_USB.ioc
PA5.GPIO_ModeDefaultEXTI=GPIO_MODE_IT_FALLING
PA6.GPIO_ModeDefaultEXTI=GPIO_MODE_IT_FALLING
FREERTOS.Tasks01=defaultTask,24,128,StartDefaultTask,As weak,NULL,Dynamic,NULL,NULL
ADC1.Rank-0\#ChannelRegularConversion=1
Mcu.PinsNb=26
ProjectManager.NoMain=false
ADC1.IPParameters=Rank-0\#ChannelRegularConversion,master,Channel-0\#ChannelRegularConversion,SamplingTime-0\#ChannelRegularConversion,OffsetNumber-0\#ChannelRegularConversion,NbrOfConversionFlag
ADC1.OffsetNumber-0\#ChannelRegularConversion=ADC_OFFSET_NONE
NVIC.SavedSvcallIrqHandlerGenerated=true
PC8.Signal=I2C3_SCL
PC4.Signal=GPIO_Output
PC6.Signal=GPIO_Output
RCC.EXTERNAL_CLOCK_VALUE=12288000
ProjectManager.DefaultFWLocation=true
ProjectManager.DeletePrevious=true
PB14.Locked=true
PC14-OSC32_IN.Signal=RCC_OSC32_IN
Dma.LPUART1_TX.0.SyncSignalID=NONE
LPUART1.IPParameters=BaudRate
Dma.LPUART1_TX.0.RequestNumber=1
RCC.FamilyName=M
SH.GPXTI6.0=GPIO_EXTI6
PA13.Signal=SYS_JTMS-SWDIO
PA3.Mode=Asynchronous
SH.GPXTI6.ConfNb=1
Dma.LPUART1_TX.0.EventEnable=DISABLE
PB11.Mode=IN14-Single-Ended
FREERTOS.configRECORD_STACK_HIGH_ADDRESS=1
ProjectManager.TargetToolchain=STM32CubeIDE
Dma.LPUART1_TX.0.SyncRequestNumber=1
PC5.GPIOParameters=GPIO_Label
PC6.Locked=true
PB2.GPIOParameters=GPIO_Label
PA4.GPIO_ModeDefaultEXTI=GPIO_MODE_IT_FALLING
SPI2.IPParameters=VirtualType,Mode,Direction,BaudRatePrescaler,CalculateBaudRate,DataSize
ProjectManager.RegisterCallBack=
RCC.USBFreq_Value=170000000
PC15-OSC32_OUT.Signal=RCC_OSC32_OUT
PB1.Locked=true
Dma.LPUART1_TX.0.MemDataAlignment=DMA_MDATAALIGN_BYTE
PB14.Signal=SPI2_MISO
PA5.Signal=GPXTI5
board=custom
RCC.VCOOutputFreq_Value=340000000
ProjectManager.LastFirmware=true
PB15.Mode=Full_Duplex_Master
VP_SYS_VS_tim6.Signal=SYS_VS_tim6
NVIC.SavedSystickIrqHandlerGenerated=true
RCC.APB2Freq_Value=170000000
RCC.UART4Freq_Value=170000000
MxCube.Version=6.2.1
RCC.I2C1Freq_Value=170000000
VP_SYS_VS_DBSignals.Signal=SYS_VS_DBSignals
RCC.FDCANFreq_Value=170000000
RCC.RNGFreq_Value=170000000
NVIC.NonMaskableInt_IRQn=true\:0\:0\:false\:false\:true\:false\:false\:false
PA4.GPIOParameters=GPIO_Label,GPIO_ModeDefaultEXTI
PA13.Mode=Trace_Asynchronous_SW
ProjectManager.FreePins=false
RCC.IPParameters=ADC12Freq_Value,AHBFreq_Value,APB1Freq_Value,APB1TimFreq_Value,APB2Freq_Value,APB2TimFreq_Value,CRSFreq_Value,CortexFreq_Value,EXTERNAL_CLOCK_VALUE,FCLKCortexFreq_Value,FDCANFreq_Value,FamilyName,HCLKFreq_Value,HSE_VALUE,HSI48_VALUE,HSI_VALUE,I2C1Freq_Value,I2C2Freq_Value,I2C3Freq_Value,I2SFreq_Value,LPTIM1Freq_Value,LPUART1Freq_Value,LSCOPinFreq_Value,LSI_VALUE,MCO1PinFreq_Value,PLLM,PLLN,PLLPoutputFreq_Value,PLLQoutputFreq_Value,PLLRCLKFreq_Value,PWRFreq_Value,RNGFreq_Value,SAI1Freq_Value,SYSCLKFreq_VALUE,SYSCLKSource,UART4Freq_Value,USART1Freq_Value,USART2Freq_Value,USART3Freq_Value,USBFreq_Value,VCOInputFreq_Value,VCOOutputFreq_Value
ProjectManager.AskForMigrate=true
Mcu.Name=STM32G431R(6-8-B)Tx
LPUART1.BaudRate=115200
NVIC.SavedPendsvIrqHandlerGenerated=true
PA2.Signal=LPUART1_TX
Mcu.Pin24=VP_SYS_VS_tim6
ProjectManager.UnderRoot=true
Mcu.Pin25=VP_SYS_VS_DBSignals
PB2.Locked=true
Mcu.IP8=SYS
VP_FREERTOS_VS_CMSIS_V2.Signal=FREERTOS_VS_CMSIS_V2
Mcu.IP6=RCC
PC8.Mode=I2C
Mcu.IP7=SPI2
ProjectManager.CoupleFile=false
PB3.Signal=SYS_JTDO-SWO
PA4.Signal=GPXTI4
RCC.SYSCLKFreq_VALUE=170000000
Mcu.Pin22=PB3
Mcu.Pin23=VP_FREERTOS_VS_CMSIS_V2
PA7.GPIO_Label=LED_PC
Mcu.Pin20=PA13
ADC1.master=1
Mcu.Pin21=PA14
PA3.Locked=true
SH.GPXTI4.0=GPIO_EXTI4
PA5.GPIO_Label=BT_INC
NVIC.ForceEnableDMAVector=true
KeepUserPlacement=false
PC5.GPIO_Label=LED_100
NVIC.MemoryManagement_IRQn=true\:0\:0\:false\:false\:true\:false\:false\:false
ProjectManager.CompilerOptimize=6
NVIC.EXTI9_5_IRQn=true\:5\:0\:true\:false\:true\:true\:true\:true
PA14.Signal=SYS_JTCK-SWCLK
PB2.GPIO_Label=LED_2000
ProjectManager.HeapSize=0x200
Mcu.Pin15=PB14
NVIC.HardFault_IRQn=true\:0\:0\:false\:false\:true\:false\:false\:false
Mcu.Pin16=PB15
SH.GPXTI4.ConfNb=1
Mcu.Pin13=PB11
Mcu.Pin14=PB13
PC6.GPIOParameters=GPIO_Label
Mcu.Pin19=PC9
ProjectManager.ComputerToolchain=false
Mcu.Pin17=PC6
RCC.HSI_VALUE=16000000
Mcu.Pin18=PC8
NVIC.PriorityGroup=NVIC_PRIORITYGROUP_4
ADC1.NbrOfConversionFlag=1
Mcu.Pin11=PB1
Mcu.Pin12=PB2
RCC.PLLM=RCC_PLLM_DIV4
RCC.PLLN=85
Mcu.Pin10=PB0
PA2.Mode=Asynchronous
RCC.PWRFreq_Value=170000000
PC8.Locked=true
SPI2.DataSize=SPI_DATASIZE_8BIT
PC9.Signal=I2C3_SDA
NVIC.DMA1_Channel1_IRQn=true\:5\:0\:false\:false\:true\:true\:false\:true
RCC.I2C2Freq_Value=170000000
RCC.APB1Freq_Value=170000000
PB0.Signal=GPIO_Output
PA7.GPIOParameters=GPIO_Label
PB11.Locked=true
ProjectManager.DeviceId=STM32G431RBTx
Dma.LPUART1_TX.0.RequestParameters=Instance,Direction,PeriphInc,MemInc,PeriphDataAlignment,MemDataAlignment,Mode,Priority,SignalID,Polarity,RequestNumber,SyncSignalID,SyncPolarity,SyncEnable,EventEnable,SyncRequestNumber
ProjectManager.LibraryCopy=1
PB1.GPIOParameters=GPIO_Label
PA7.Signal=GPIO_Output
PA6.Locked=true
isbadioc=false
